// !$*UTF8*$!
{
	archiveVersion = 1;
	classes = {
	};
	objectVersion = 46;
	objects = {

/* Begin PBXBuildFile section */
		C7C2CDC51CCBB60E00854267 /* main.m in Sources */ = {isa = PBXBuildFile; fileRef = C7C2CDC41CCBB60E00854267 /* main.m */; };
		C7C2CDC81CCBB60E00854267 /* AppDelegate.m in Sources */ = {isa = PBXBuildFile; fileRef = C7C2CDC71CCBB60E00854267 /* AppDelegate.m */; };
		C7C2CDCB1CCBB60E00854267 /* ViewController.m in Sources */ = {isa = PBXBuildFile; fileRef = C7C2CDCA1CCBB60E00854267 /* ViewController.m */; };
		C7C2CDCE1CCBB60E00854267 /* Main.storyboard in Resources */ = {isa = PBXBuildFile; fileRef = C7C2CDCC1CCBB60E00854267 /* Main.storyboard */; };
		C7C2CDD01CCBB60E00854267 /* Assets.xcassets in Resources */ = {isa = PBXBuildFile; fileRef = C7C2CDCF1CCBB60E00854267 /* Assets.xcassets */; };
		C7C2CDD31CCBB60E00854267 /* LaunchScreen.storyboard in Resources */ = {isa = PBXBuildFile; fileRef = C7C2CDD11CCBB60E00854267 /* LaunchScreen.storyboard */; };
		C7C2CDDE1CCBB60E00854267 /* SDWebImage_noteTests.m in Sources */ = {isa = PBXBuildFile; fileRef = C7C2CDDD1CCBB60E00854267 /* SDWebImage_noteTests.m */; };
		C7C2CDE91CCBB60E00854267 /* SDWebImage_noteUITests.m in Sources */ = {isa = PBXBuildFile; fileRef = C7C2CDE81CCBB60E00854267 /* SDWebImage_noteUITests.m */; };
		C7C2CE181CCBB62D00854267 /* MKAnnotationView+WebCache.m in Sources */ = {isa = PBXBuildFile; fileRef = C7C2CDF81CCBB62D00854267 /* MKAnnotationView+WebCache.m */; };
		C7C2CE191CCBB62D00854267 /* NSData+ImageContentType.m in Sources */ = {isa = PBXBuildFile; fileRef = C7C2CDFA1CCBB62D00854267 /* NSData+ImageContentType.m */; };
		C7C2CE1A1CCBB62D00854267 /* SDImageCache.m in Sources */ = {isa = PBXBuildFile; fileRef = C7C2CDFC1CCBB62D00854267 /* SDImageCache.m */; };
		C7C2CE1B1CCBB62D00854267 /* SDWebImageCompat.m in Sources */ = {isa = PBXBuildFile; fileRef = C7C2CDFE1CCBB62D00854267 /* SDWebImageCompat.m */; };
		C7C2CE1C1CCBB62D00854267 /* SDWebImageDecoder.m in Sources */ = {isa = PBXBuildFile; fileRef = C7C2CE001CCBB62D00854267 /* SDWebImageDecoder.m */; };
		C7C2CE1D1CCBB62D00854267 /* SDWebImageDownloader.m in Sources */ = {isa = PBXBuildFile; fileRef = C7C2CE021CCBB62D00854267 /* SDWebImageDownloader.m */; };
		C7C2CE1E1CCBB62D00854267 /* SDWebImageDownloaderOperation.m in Sources */ = {isa = PBXBuildFile; fileRef = C7C2CE041CCBB62D00854267 /* SDWebImageDownloaderOperation.m */; };
		C7C2CE1F1CCBB62D00854267 /* SDWebImageManager.m in Sources */ = {isa = PBXBuildFile; fileRef = C7C2CE061CCBB62D00854267 /* SDWebImageManager.m */; };
		C7C2CE201CCBB62D00854267 /* SDWebImagePrefetcher.m in Sources */ = {isa = PBXBuildFile; fileRef = C7C2CE091CCBB62D00854267 /* SDWebImagePrefetcher.m */; };
		C7C2CE211CCBB62D00854267 /* UIButton+WebCache.m in Sources */ = {isa = PBXBuildFile; fileRef = C7C2CE0B1CCBB62D00854267 /* UIButton+WebCache.m */; };
		C7C2CE221CCBB62D00854267 /* UIImage+GIF.m in Sources */ = {isa = PBXBuildFile; fileRef = C7C2CE0D1CCBB62D00854267 /* UIImage+GIF.m */; };
		C7C2CE231CCBB62D00854267 /* UIImage+MultiFormat.m in Sources */ = {isa = PBXBuildFile; fileRef = C7C2CE0F1CCBB62D00854267 /* UIImage+MultiFormat.m */; };
		C7C2CE241CCBB62D00854267 /* UIImage+WebP.m in Sources */ = {isa = PBXBuildFile; fileRef = C7C2CE111CCBB62D00854267 /* UIImage+WebP.m */; };
		C7C2CE251CCBB62D00854267 /* UIImageView+HighlightedWebCache.m in Sources */ = {isa = PBXBuildFile; fileRef = C7C2CE131CCBB62D00854267 /* UIImageView+HighlightedWebCache.m */; };
		C7C2CE261CCBB62D00854267 /* UIImageView+WebCache.m in Sources */ = {isa = PBXBuildFile; fileRef = C7C2CE151CCBB62D00854267 /* UIImageView+WebCache.m */; };
		C7C2CE271CCBB62D00854267 /* UIView+WebCacheOperation.m in Sources */ = {isa = PBXBuildFile; fileRef = C7C2CE171CCBB62D00854267 /* UIView+WebCacheOperation.m */; };
/* End PBXBuildFile section */

/* Begin PBXContainerItemProxy section */
		C7C2CDDA1CCBB60E00854267 /* PBXContainerItemProxy */ = {
			isa = PBXContainerItemProxy;
			containerPortal = C7C2CDB81CCBB60E00854267 /* Project object */;
			proxyType = 1;
			remoteGlobalIDString = C7C2CDBF1CCBB60E00854267;
			remoteInfo = SDWebImage_note;
		};
		C7C2CDE51CCBB60E00854267 /* PBXContainerItemProxy */ = {
			isa = PBXContainerItemProxy;
			containerPortal = C7C2CDB81CCBB60E00854267 /* Project object */;
			proxyType = 1;
			remoteGlobalIDString = C7C2CDBF1CCBB60E00854267;
			remoteInfo = SDWebImage_note;
		};
/* End PBXContainerItemProxy section */

/* Begin PBXFileReference section */
		C7C2CDC01CCBB60E00854267 /* SDWebImage_note.app */ = {isa = PBXFileReference; explicitFileType = wrapper.application; includeInIndex = 0; path = SDWebImage_note.app; sourceTree = BUILT_PRODUCTS_DIR; };
		C7C2CDC41CCBB60E00854267 /* main.m */ = {isa = PBXFileReference; lastKnownFileType = sourcecode.c.objc; path = main.m; sourceTree = "<group>"; };
		C7C2CDC61CCBB60E00854267 /* AppDelegate.h */ = {isa = PBXFileReference; lastKnownFileType = sourcecode.c.h; path = AppDelegate.h; sourceTree = "<group>"; };
		C7C2CDC71CCBB60E00854267 /* AppDelegate.m */ = {isa = PBXFileReference; lastKnownFileType = sourcecode.c.objc; path = AppDelegate.m; sourceTree = "<group>"; };
		C7C2CDC91CCBB60E00854267 /* ViewController.h */ = {isa = PBXFileReference; lastKnownFileType = sourcecode.c.h; path = ViewController.h; sourceTree = "<group>"; };
		C7C2CDCA1CCBB60E00854267 /* ViewController.m */ = {isa = PBXFileReference; lastKnownFileType = sourcecode.c.objc; path = ViewController.m; sourceTree = "<group>"; };
		C7C2CDCD1CCBB60E00854267 /* Base */ = {isa = PBXFileReference; lastKnownFileType = file.storyboard; name = Base; path = Base.lproj/Main.storyboard; sourceTree = "<group>"; };
		C7C2CDCF1CCBB60E00854267 /* Assets.xcassets */ = {isa = PBXFileReference; lastKnownFileType = folder.assetcatalog; path = Assets.xcassets; sourceTree = "<group>"; };
		C7C2CDD21CCBB60E00854267 /* Base */ = {isa = PBXFileReference; lastKnownFileType = file.storyboard; name = Base; path = Base.lproj/LaunchScreen.storyboard; sourceTree = "<group>"; };
		C7C2CDD41CCBB60E00854267 /* Info.plist */ = {isa = PBXFileReference; lastKnownFileType = text.plist.xml; path = Info.plist; sourceTree = "<group>"; };
		C7C2CDD91CCBB60E00854267 /* SDWebImage_noteTests.xctest */ = {isa = PBXFileReference; explicitFileType = wrapper.cfbundle; includeInIndex = 0; path = SDWebImage_noteTests.xctest; sourceTree = BUILT_PRODUCTS_DIR; };
		C7C2CDDD1CCBB60E00854267 /* SDWebImage_noteTests.m */ = {isa = PBXFileReference; lastKnownFileType = sourcecode.c.objc; path = SDWebImage_noteTests.m; sourceTree = "<group>"; };
		C7C2CDDF1CCBB60E00854267 /* Info.plist */ = {isa = PBXFileReference; lastKnownFileType = text.plist.xml; path = Info.plist; sourceTree = "<group>"; };
		C7C2CDE41CCBB60E00854267 /* SDWebImage_noteUITests.xctest */ = {isa = PBXFileReference; explicitFileType = wrapper.cfbundle; includeInIndex = 0; path = SDWebImage_noteUITests.xctest; sourceTree = BUILT_PRODUCTS_DIR; };
		C7C2CDE81CCBB60E00854267 /* SDWebImage_noteUITests.m */ = {isa = PBXFileReference; lastKnownFileType = sourcecode.c.objc; path = SDWebImage_noteUITests.m; sourceTree = "<group>"; };
		C7C2CDEA1CCBB60E00854267 /* Info.plist */ = {isa = PBXFileReference; lastKnownFileType = text.plist.xml; path = Info.plist; sourceTree = "<group>"; };
		C7C2CDF71CCBB62D00854267 /* MKAnnotationView+WebCache.h */ = {isa = PBXFileReference; fileEncoding = 4; lastKnownFileType = sourcecode.c.h; path = "MKAnnotationView+WebCache.h"; sourceTree = "<group>"; };
		C7C2CDF81CCBB62D00854267 /* MKAnnotationView+WebCache.m */ = {isa = PBXFileReference; fileEncoding = 4; lastKnownFileType = sourcecode.c.objc; path = "MKAnnotationView+WebCache.m"; sourceTree = "<group>"; };
		C7C2CDF91CCBB62D00854267 /* NSData+ImageContentType.h */ = {isa = PBXFileReference; fileEncoding = 4; lastKnownFileType = sourcecode.c.h; path = "NSData+ImageContentType.h"; sourceTree = "<group>"; };
		C7C2CDFA1CCBB62D00854267 /* NSData+ImageContentType.m */ = {isa = PBXFileReference; fileEncoding = 4; lastKnownFileType = sourcecode.c.objc; path = "NSData+ImageContentType.m"; sourceTree = "<group>"; };
		C7C2CDFB1CCBB62D00854267 /* SDImageCache.h */ = {isa = PBXFileReference; fileEncoding = 4; lastKnownFileType = sourcecode.c.h; path = SDImageCache.h; sourceTree = "<group>"; };
		C7C2CDFC1CCBB62D00854267 /* SDImageCache.m */ = {isa = PBXFileReference; fileEncoding = 4; lastKnownFileType = sourcecode.c.objc; path = SDImageCache.m; sourceTree = "<group>"; };
		C7C2CDFD1CCBB62D00854267 /* SDWebImageCompat.h */ = {isa = PBXFileReference; fileEncoding = 4; lastKnownFileType = sourcecode.c.h; path = SDWebImageCompat.h; sourceTree = "<group>"; };
		C7C2CDFE1CCBB62D00854267 /* SDWebImageCompat.m */ = {isa = PBXFileReference; fileEncoding = 4; lastKnownFileType = sourcecode.c.objc; path = SDWebImageCompat.m; sourceTree = "<group>"; };
		C7C2CDFF1CCBB62D00854267 /* SDWebImageDecoder.h */ = {isa = PBXFileReference; fileEncoding = 4; lastKnownFileType = sourcecode.c.h; path = SDWebImageDecoder.h; sourceTree = "<group>"; };
		C7C2CE001CCBB62D00854267 /* SDWebImageDecoder.m */ = {isa = PBXFileReference; fileEncoding = 4; lastKnownFileType = sourcecode.c.objc; path = SDWebImageDecoder.m; sourceTree = "<group>"; };
		C7C2CE011CCBB62D00854267 /* SDWebImageDownloader.h */ = {isa = PBXFileReference; fileEncoding = 4; lastKnownFileType = sourcecode.c.h; path = SDWebImageDownloader.h; sourceTree = "<group>"; };
		C7C2CE021CCBB62D00854267 /* SDWebImageDownloader.m */ = {isa = PBXFileReference; fileEncoding = 4; lastKnownFileType = sourcecode.c.objc; path = SDWebImageDownloader.m; sourceTree = "<group>"; };
		C7C2CE031CCBB62D00854267 /* SDWebImageDownloaderOperation.h */ = {isa = PBXFileReference; fileEncoding = 4; lastKnownFileType = sourcecode.c.h; path = SDWebImageDownloaderOperation.h; sourceTree = "<group>"; };
		C7C2CE041CCBB62D00854267 /* SDWebImageDownloaderOperation.m */ = {isa = PBXFileReference; fileEncoding = 4; lastKnownFileType = sourcecode.c.objc; path = SDWebImageDownloaderOperation.m; sourceTree = "<group>"; };
		C7C2CE051CCBB62D00854267 /* SDWebImageManager.h */ = {isa = PBXFileReference; fileEncoding = 4; lastKnownFileType = sourcecode.c.h; path = SDWebImageManager.h; sourceTree = "<group>"; };
		C7C2CE061CCBB62D00854267 /* SDWebImageManager.m */ = {isa = PBXFileReference; fileEncoding = 4; lastKnownFileType = sourcecode.c.objc; path = SDWebImageManager.m; sourceTree = "<group>"; };
		C7C2CE071CCBB62D00854267 /* SDWebImageOperation.h */ = {isa = PBXFileReference; fileEncoding = 4; lastKnownFileType = sourcecode.c.h; path = SDWebImageOperation.h; sourceTree = "<group>"; };
		C7C2CE081CCBB62D00854267 /* SDWebImagePrefetcher.h */ = {isa = PBXFileReference; fileEncoding = 4; lastKnownFileType = sourcecode.c.h; path = SDWebImagePrefetcher.h; sourceTree = "<group>"; };
		C7C2CE091CCBB62D00854267 /* SDWebImagePrefetcher.m */ = {isa = PBXFileReference; fileEncoding = 4; lastKnownFileType = sourcecode.c.objc; path = SDWebImagePrefetcher.m; sourceTree = "<group>"; };
		C7C2CE0A1CCBB62D00854267 /* UIButton+WebCache.h */ = {isa = PBXFileReference; fileEncoding = 4; lastKnownFileType = sourcecode.c.h; path = "UIButton+WebCache.h"; sourceTree = "<group>"; };
		C7C2CE0B1CCBB62D00854267 /* UIButton+WebCache.m */ = {isa = PBXFileReference; fileEncoding = 4; lastKnownFileType = sourcecode.c.objc; path = "UIButton+WebCache.m"; sourceTree = "<group>"; };
		C7C2CE0C1CCBB62D00854267 /* UIImage+GIF.h */ = {isa = PBXFileReference; fileEncoding = 4; lastKnownFileType = sourcecode.c.h; path = "UIImage+GIF.h"; sourceTree = "<group>"; };
		C7C2CE0D1CCBB62D00854267 /* UIImage+GIF.m */ = {isa = PBXFileReference; fileEncoding = 4; lastKnownFileType = sourcecode.c.objc; path = "UIImage+GIF.m"; sourceTree = "<group>"; };
		C7C2CE0E1CCBB62D00854267 /* UIImage+MultiFormat.h */ = {isa = PBXFileReference; fileEncoding = 4; lastKnownFileType = sourcecode.c.h; path = "UIImage+MultiFormat.h"; sourceTree = "<group>"; };
		C7C2CE0F1CCBB62D00854267 /* UIImage+MultiFormat.m */ = {isa = PBXFileReference; fileEncoding = 4; lastKnownFileType = sourcecode.c.objc; path = "UIImage+MultiFormat.m"; sourceTree = "<group>"; };
		C7C2CE101CCBB62D00854267 /* UIImage+WebP.h */ = {isa = PBXFileReference; fileEncoding = 4; lastKnownFileType = sourcecode.c.h; path = "UIImage+WebP.h"; sourceTree = "<group>"; };
		C7C2CE111CCBB62D00854267 /* UIImage+WebP.m */ = {isa = PBXFileReference; fileEncoding = 4; lastKnownFileType = sourcecode.c.objc; path = "UIImage+WebP.m"; sourceTree = "<group>"; };
		C7C2CE121CCBB62D00854267 /* UIImageView+HighlightedWebCache.h */ = {isa = PBXFileReference; fileEncoding = 4; lastKnownFileType = sourcecode.c.h; path = "UIImageView+HighlightedWebCache.h"; sourceTree = "<group>"; };
		C7C2CE131CCBB62D00854267 /* UIImageView+HighlightedWebCache.m */ = {isa = PBXFileReference; fileEncoding = 4; lastKnownFileType = sourcecode.c.objc; path = "UIImageView+HighlightedWebCache.m"; sourceTree = "<group>"; };
		C7C2CE141CCBB62D00854267 /* UIImageView+WebCache.h */ = {isa = PBXFileReference; fileEncoding = 4; lastKnownFileType = sourcecode.c.h; path = "UIImageView+WebCache.h"; sourceTree = "<group>"; };
		C7C2CE151CCBB62D00854267 /* UIImageView+WebCache.m */ = {isa = PBXFileReference; fileEncoding = 4; lastKnownFileType = sourcecode.c.objc; path = "UIImageView+WebCache.m"; sourceTree = "<group>"; };
		C7C2CE161CCBB62D00854267 /* UIView+WebCacheOperation.h */ = {isa = PBXFileReference; fileEncoding = 4; lastKnownFileType = sourcecode.c.h; path = "UIView+WebCacheOperation.h"; sourceTree = "<group>"; };
		C7C2CE171CCBB62D00854267 /* UIView+WebCacheOperation.m */ = {isa = PBXFileReference; fileEncoding = 4; lastKnownFileType = sourcecode.c.objc; path = "UIView+WebCacheOperation.m"; sourceTree = "<group>"; };
/* End PBXFileReference section */

/* Begin PBXFrameworksBuildPhase section */
		C7C2CDBD1CCBB60E00854267 /* Frameworks */ = {
			isa = PBXFrameworksBuildPhase;
			buildActionMask = 2147483647;
			files = (
			);
			runOnlyForDeploymentPostprocessing = 0;
		};
		C7C2CDD61CCBB60E00854267 /* Frameworks */ = {
			isa = PBXFrameworksBuildPhase;
			buildActionMask = 2147483647;
			files = (
			);
			runOnlyForDeploymentPostprocessing = 0;
		};
		C7C2CDE11CCBB60E00854267 /* Frameworks */ = {
			isa = PBXFrameworksBuildPhase;
			buildActionMask = 2147483647;
			files = (
			);
			runOnlyForDeploymentPostprocessing = 0;
		};
/* End PBXFrameworksBuildPhase section */

/* Begin PBXGroup section */
		C7C2CDB71CCBB60E00854267 = {
			isa = PBXGroup;
			children = (
				C7C2CDC21CCBB60E00854267 /* SDWebImage_note */,
				C7C2CDDC1CCBB60E00854267 /* SDWebImage_noteTests */,
				C7C2CDE71CCBB60E00854267 /* SDWebImage_noteUITests */,
				C7C2CDC11CCBB60E00854267 /* Products */,
			);
			sourceTree = "<group>";
		};
		C7C2CDC11CCBB60E00854267 /* Products */ = {
			isa = PBXGroup;
			children = (
				C7C2CDC01CCBB60E00854267 /* SDWebImage_note.app */,
				C7C2CDD91CCBB60E00854267 /* SDWebImage_noteTests.xctest */,
				C7C2CDE41CCBB60E00854267 /* SDWebImage_noteUITests.xctest */,
			);
			name = Products;
			sourceTree = "<group>";
		};
		C7C2CDC21CCBB60E00854267 /* SDWebImage_note */ = {
			isa = PBXGroup;
			children = (
				C7C2CDF61CCBB62D00854267 /* SDWebImage */,
				C7C2CDC61CCBB60E00854267 /* AppDelegate.h */,
				C7C2CDC71CCBB60E00854267 /* AppDelegate.m */,
				C7C2CDC91CCBB60E00854267 /* ViewController.h */,
				C7C2CDCA1CCBB60E00854267 /* ViewController.m */,
				C7C2CDCC1CCBB60E00854267 /* Main.storyboard */,
				C7C2CDCF1CCBB60E00854267 /* Assets.xcassets */,
				C7C2CDD11CCBB60E00854267 /* LaunchScreen.storyboard */,
				C7C2CDD41CCBB60E00854267 /* Info.plist */,
				C7C2CDC31CCBB60E00854267 /* Supporting Files */,
			);
			path = SDWebImage_note;
			sourceTree = "<group>";
		};
		C7C2CDC31CCBB60E00854267 /* Supporting Files */ = {
			isa = PBXGroup;
			children = (
				C7C2CDC41CCBB60E00854267 /* main.m */,
			);
			name = "Supporting Files";
			sourceTree = "<group>";
		};
		C7C2CDDC1CCBB60E00854267 /* SDWebImage_noteTests */ = {
			isa = PBXGroup;
			children = (
				C7C2CDDD1CCBB60E00854267 /* SDWebImage_noteTests.m */,
				C7C2CDDF1CCBB60E00854267 /* Info.plist */,
			);
			path = SDWebImage_noteTests;
			sourceTree = "<group>";
		};
		C7C2CDE71CCBB60E00854267 /* SDWebImage_noteUITests */ = {
			isa = PBXGroup;
			children = (
				C7C2CDE81CCBB60E00854267 /* SDWebImage_noteUITests.m */,
				C7C2CDEA1CCBB60E00854267 /* Info.plist */,
			);
			path = SDWebImage_noteUITests;
			sourceTree = "<group>";
		};
		C7C2CDF61CCBB62D00854267 /* SDWebImage */ = {
			isa = PBXGroup;
			children = (
				C7C2CDF71CCBB62D00854267 /* MKAnnotationView+WebCache.h */,
				C7C2CDF81CCBB62D00854267 /* MKAnnotationView+WebCache.m */,
				C7C2CDF91CCBB62D00854267 /* NSData+ImageContentType.h */,
				C7C2CDFA1CCBB62D00854267 /* NSData+ImageContentType.m */,
				C7C2CDFB1CCBB62D00854267 /* SDImageCache.h */,
				C7C2CDFC1CCBB62D00854267 /* SDImageCache.m */,
				C7C2CDFD1CCBB62D00854267 /* SDWebImageCompat.h */,
				C7C2CDFE1CCBB62D00854267 /* SDWebImageCompat.m */,
				C7C2CDFF1CCBB62D00854267 /* SDWebImageDecoder.h */,
				C7C2CE001CCBB62D00854267 /* SDWebImageDecoder.m */,
				C7C2CE011CCBB62D00854267 /* SDWebImageDownloader.h */,
				C7C2CE021CCBB62D00854267 /* SDWebImageDownloader.m */,
				C7C2CE031CCBB62D00854267 /* SDWebImageDownloaderOperation.h */,
				C7C2CE041CCBB62D00854267 /* SDWebImageDownloaderOperation.m */,
				C7C2CE051CCBB62D00854267 /* SDWebImageManager.h */,
				C7C2CE061CCBB62D00854267 /* SDWebImageManager.m */,
				C7C2CE071CCBB62D00854267 /* SDWebImageOperation.h */,
				C7C2CE081CCBB62D00854267 /* SDWebImagePrefetcher.h */,
				C7C2CE091CCBB62D00854267 /* SDWebImagePrefetcher.m */,
				C7C2CE0A1CCBB62D00854267 /* UIButton+WebCache.h */,
				C7C2CE0B1CCBB62D00854267 /* UIButton+WebCache.m */,
				C7C2CE0C1CCBB62D00854267 /* UIImage+GIF.h */,
				C7C2CE0D1CCBB62D00854267 /* UIImage+GIF.m */,
				C7C2CE0E1CCBB62D00854267 /* UIImage+MultiFormat.h */,
				C7C2CE0F1CCBB62D00854267 /* UIImage+MultiFormat.m */,
				C7C2CE101CCBB62D00854267 /* UIImage+WebP.h */,
				C7C2CE111CCBB62D00854267 /* UIImage+WebP.m */,
				C7C2CE121CCBB62D00854267 /* UIImageView+HighlightedWebCache.h */,
				C7C2CE131CCBB62D00854267 /* UIImageView+HighlightedWebCache.m */,
				C7C2CE141CCBB62D00854267 /* UIImageView+WebCache.h */,
				C7C2CE151CCBB62D00854267 /* UIImageView+WebCache.m */,
				C7C2CE161CCBB62D00854267 /* UIView+WebCacheOperation.h */,
				C7C2CE171CCBB62D00854267 /* UIView+WebCacheOperation.m */,
			);
			path = SDWebImage;
			sourceTree = "<group>";
		};
/* End PBXGroup section */

/* Begin PBXNativeTarget section */
		C7C2CDBF1CCBB60E00854267 /* SDWebImage_note */ = {
			isa = PBXNativeTarget;
			buildConfigurationList = C7C2CDED1CCBB60E00854267 /* Build configuration list for PBXNativeTarget "SDWebImage_note" */;
			buildPhases = (
				C7C2CDBC1CCBB60E00854267 /* Sources */,
				C7C2CDBD1CCBB60E00854267 /* Frameworks */,
				C7C2CDBE1CCBB60E00854267 /* Resources */,
			);
			buildRules = (
			);
			dependencies = (
			);
			name = SDWebImage_note;
			productName = SDWebImage_note;
			productReference = C7C2CDC01CCBB60E00854267 /* SDWebImage_note.app */;
			productType = "com.apple.product-type.application";
		};
		C7C2CDD81CCBB60E00854267 /* SDWebImage_noteTests */ = {
			isa = PBXNativeTarget;
			buildConfigurationList = C7C2CDF01CCBB60E00854267 /* Build configuration list for PBXNativeTarget "SDWebImage_noteTests" */;
			buildPhases = (
				C7C2CDD51CCBB60E00854267 /* Sources */,
				C7C2CDD61CCBB60E00854267 /* Frameworks */,
				C7C2CDD71CCBB60E00854267 /* Resources */,
			);
			buildRules = (
			);
			dependencies = (
				C7C2CDDB1CCBB60E00854267 /* PBXTargetDependency */,
			);
			name = SDWebImage_noteTests;
			productName = SDWebImage_noteTests;
			productReference = C7C2CDD91CCBB60E00854267 /* SDWebImage_noteTests.xctest */;
			productType = "com.apple.product-type.bundle.unit-test";
		};
		C7C2CDE31CCBB60E00854267 /* SDWebImage_noteUITests */ = {
			isa = PBXNativeTarget;
			buildConfigurationList = C7C2CDF31CCBB60E00854267 /* Build configuration list for PBXNativeTarget "SDWebImage_noteUITests" */;
			buildPhases = (
				C7C2CDE01CCBB60E00854267 /* Sources */,
				C7C2CDE11CCBB60E00854267 /* Frameworks */,
				C7C2CDE21CCBB60E00854267 /* Resources */,
			);
			buildRules = (
			);
			dependencies = (
				C7C2CDE61CCBB60E00854267 /* PBXTargetDependency */,
			);
			name = SDWebImage_noteUITests;
			productName = SDWebImage_noteUITests;
			productReference = C7C2CDE41CCBB60E00854267 /* SDWebImage_noteUITests.xctest */;
			productType = "com.apple.product-type.bundle.ui-testing";
		};
/* End PBXNativeTarget section */

/* Begin PBXProject section */
		C7C2CDB81CCBB60E00854267 /* Project object */ = {
			isa = PBXProject;
			attributes = {
				LastUpgradeCheck = 0710;
				ORGANIZATIONNAME = com.HG;
				TargetAttributes = {
					C7C2CDBF1CCBB60E00854267 = {
						CreatedOnToolsVersion = 7.1;
					};
					C7C2CDD81CCBB60E00854267 = {
						CreatedOnToolsVersion = 7.1;
						TestTargetID = C7C2CDBF1CCBB60E00854267;
					};
					C7C2CDE31CCBB60E00854267 = {
						CreatedOnToolsVersion = 7.1;
						TestTargetID = C7C2CDBF1CCBB60E00854267;
					};
				};
			};
			buildConfigurationList = C7C2CDBB1CCBB60E00854267 /* Build configuration list for PBXProject "SDWebImage_note" */;
			compatibilityVersion = "Xcode 3.2";
			developmentRegion = English;
			hasScannedForEncodings = 0;
			knownRegions = (
				en,
				Base,
			);
			mainGroup = C7C2CDB71CCBB60E00854267;
			productRefGroup = C7C2CDC11CCBB60E00854267 /* Products */;
			projectDirPath = "";
			projectRoot = "";
			targets = (
				C7C2CDBF1CCBB60E00854267 /* SDWebImage_note */,
				C7C2CDD81CCBB60E00854267 /* SDWebImage_noteTests */,
				C7C2CDE31CCBB60E00854267 /* SDWebImage_noteUITests */,
			);
		};
/* End PBXProject section */

/* Begin PBXResourcesBuildPhase section */
		C7C2CDBE1CCBB60E00854267 /* Resources */ = {
			isa = PBXResourcesBuildPhase;
			buildActionMask = 2147483647;
			files = (
				C7C2CDD31CCBB60E00854267 /* LaunchScreen.storyboard in Resources */,
				C7C2CDD01CCBB60E00854267 /* Assets.xcassets in Resources */,
				C7C2CDCE1CCBB60E00854267 /* Main.storyboard in Resources */,
			);
			runOnlyForDeploymentPostprocessing = 0;
		};
		C7C2CDD71CCBB60E00854267 /* Resources */ = {
			isa = PBXResourcesBuildPhase;
			buildActionMask = 2147483647;
			files = (
			);
			runOnlyForDeploymentPostprocessing = 0;
		};
		C7C2CDE21CCBB60E00854267 /* Resources */ = {
			isa = PBXResourcesBuildPhase;
			buildActionMask = 2147483647;
			files = (
			);
			runOnlyForDeploymentPostprocessing = 0;
		};
/* End PBXResourcesBuildPhase section */

/* Begin PBXSourcesBuildPhase section */
		C7C2CDBC1CCBB60E00854267 /* Sources */ = {
			isa = PBXSourcesBuildPhase;
			buildActionMask = 2147483647;
			files = (
				C7C2CE251CCBB62D00854267 /* UIImageView+HighlightedWebCache.m in Sources */,
				C7C2CE191CCBB62D00854267 /* NSData+ImageContentType.m in Sources */,
				C7C2CE1F1CCBB62D00854267 /* SDWebImageManager.m in Sources */,
				C7C2CE1D1CCBB62D00854267 /* SDWebImageDownloader.m in Sources */,
				C7C2CE241CCBB62D00854267 /* UIImage+WebP.m in Sources */,
				C7C2CE271CCBB62D00854267 /* UIView+WebCacheOperation.m in Sources */,
				C7C2CE1A1CCBB62D00854267 /* SDImageCache.m in Sources */,
				C7C2CDCB1CCBB60E00854267 /* ViewController.m in Sources */,
				C7C2CE181CCBB62D00854267 /* MKAnnotationView+WebCache.m in Sources */,
				C7C2CE1C1CCBB62D00854267 /* SDWebImageDecoder.m in Sources */,
				C7C2CE231CCBB62D00854267 /* UIImage+MultiFormat.m in Sources */,
				C7C2CE1E1CCBB62D00854267 /* SDWebImageDownloaderOperation.m in Sources */,
				C7C2CDC81CCBB60E00854267 /* AppDelegate.m in Sources */,
				C7C2CE211CCBB62D00854267 /* UIButton+WebCache.m in Sources */,
				C7C2CE201CCBB62D00854267 /* SDWebImagePrefetcher.m in Sources */,
				C7C2CE261CCBB62D00854267 /* UIImageView+WebCache.m in Sources */,
				C7C2CE1B1CCBB62D00854267 /* SDWebImageCompat.m in Sources */,
				C7C2CE221CCBB62D00854267 /* UIImage+GIF.m in Sources */,
				C7C2CDC51CCBB60E00854267 /* main.m in Sources */,
			);
			runOnlyForDeploymentPostprocessing = 0;
		};
		C7C2CDD51CCBB60E00854267 /* Sources */ = {
			isa = PBXSourcesBuildPhase;
			buildActionMask = 2147483647;
			files = (
				C7C2CDDE1CCBB60E00854267 /* SDWebImage_noteTests.m in Sources */,
			);
			runOnlyForDeploymentPostprocessing = 0;
		};
		C7C2CDE01CCBB60E00854267 /* Sources */ = {
			isa = PBXSourcesBuildPhase;
			buildActionMask = 2147483647;
			files = (
				C7C2CDE91CCBB60E00854267 /* SDWebImage_noteUITests.m in Sources */,
			);
			runOnlyForDeploymentPostprocessing = 0;
		};
/* End PBXSourcesBuildPhase section */

/* Begin PBXTargetDependency section */
		C7C2CDDB1CCBB60E00854267 /* PBXTargetDependency */ = {
			isa = PBXTargetDependency;
			target = C7C2CDBF1CCBB60E00854267 /* SDWebImage_note */;
			targetProxy = C7C2CDDA1CCBB60E00854267 /* PBXContainerItemProxy */;
		};
		C7C2CDE61CCBB60E00854267 /* PBXTargetDependency */ = {
			isa = PBXTargetDependency;
			target = C7C2CDBF1CCBB60E00854267 /* SDWebImage_note */;
			targetProxy = C7C2CDE51CCBB60E00854267 /* PBXContainerItemProxy */;
		};
/* End PBXTargetDependency section */

/* Begin PBXVariantGroup section */
		C7C2CDCC1CCBB60E00854267 /* Main.storyboard */ = {
			isa = PBXVariantGroup;
			children = (
				C7C2CDCD1CCBB60E00854267 /* Base */,
			);
			name = Main.storyboard;
			sourceTree = "<group>";
		};
		C7C2CDD11CCBB60E00854267 /* LaunchScreen.storyboard */ = {
			isa = PBXVariantGroup;
			children = (
				C7C2CDD21CCBB60E00854267 /* Base */,
			);
			name = LaunchScreen.storyboard;
			sourceTree = "<group>";
		};
/* End PBXVariantGroup section */

/* Begin XCBuildConfiguration section */
		C7C2CDEB1CCBB60E00854267 /* Debug */ = {
			isa = XCBuildConfiguration;
			buildSettings = {
				ALWAYS_SEARCH_USER_PATHS = NO;
				CLANG_CXX_LANGUAGE_STANDARD = "gnu++0x";
				CLANG_CXX_LIBRARY = "libc++";
				CLANG_ENABLE_MODULES = YES;
				CLANG_ENABLE_OBJC_ARC = YES;
				CLANG_WARN_BOOL_CONVERSION = YES;
				CLANG_WARN_CONSTANT_CONVERSION = YES;
				CLANG_WARN_DIRECT_OBJC_ISA_USAGE = YES_ERROR;
				CLANG_WARN_EMPTY_BODY = YES;
				CLANG_WARN_ENUM_CONVERSION = YES;
				CLANG_WARN_INT_CONVERSION = YES;
				CLANG_WARN_OBJC_ROOT_CLASS = YES_ERROR;
				CLANG_WARN_UNREACHABLE_CODE = YES;
				CLANG_WARN__DUPLICATE_METHOD_MATCH = YES;
				"CODE_SIGN_IDENTITY[sdk=iphoneos*]" = "iPhone Developer";
				COPY_PHASE_STRIP = NO;
				DEBUG_INFORMATION_FORMAT = dwarf;
				ENABLE_STRICT_OBJC_MSGSEND = YES;
				ENABLE_TESTABILITY = YES;
				GCC_C_LANGUAGE_STANDARD = gnu99;
				GCC_DYNAMIC_NO_PIC = NO;
				GCC_NO_COMMON_BLOCKS = YES;
				GCC_OPTIMIZATION_LEVEL = 0;
				GCC_PREPROCESSOR_DEFINITIONS = (
					"DEBUG=1",
					"$(inherited)",
				);
				GCC_WARN_64_TO_32_BIT_CONVERSION = YES;
				GCC_WARN_ABOUT_RETURN_TYPE = YES_ERROR;
				GCC_WARN_UNDECLARED_SELECTOR = YES;
				GCC_WARN_UNINITIALIZED_AUTOS = YES_AGGRESSIVE;
				GCC_WARN_UNUSED_FUNCTION = YES;
				GCC_WARN_UNUSED_VARIABLE = YES;
				IPHONEOS_DEPLOYMENT_TARGET = 9.1;
				MTL_ENABLE_DEBUG_INFO = YES;
				ONLY_ACTIVE_ARCH = YES;
				SDKROOT = iphoneos;
				TARGETED_DEVICE_FAMILY = "1,2";
			};
			name = Debug;
		};
		C7C2CDEC1CCBB60E00854267 /* Release */ = {
			isa = XCBuildConfiguration;
			buildSettings = {
				ALWAYS_SEARCH_USER_PATHS = NO;
				CLANG_CXX_LANGUAGE_STANDARD = "gnu++0x";
				CLANG_CXX_LIBRARY = "libc++";
				CLANG_ENABLE_MODULES = YES;
				CLANG_ENABLE_OBJC_ARC = YES;
				CLANG_WARN_BOOL_CONVERSION = YES;
				CLANG_WARN_CONSTANT_CONVERSION = YES;
				CLANG_WARN_DIRECT_OBJC_ISA_USAGE = YES_ERROR;
				CLANG_WARN_EMPTY_BODY = YES;
				CLANG_WARN_ENUM_CONVERSION = YES;
				CLANG_WARN_INT_CONVERSION = YES;
				CLANG_WARN_OBJC_ROOT_CLASS = YES_ERROR;
				CLANG_WARN_UNREACHABLE_CODE = YES;
				CLANG_WARN__DUPLICATE_METHOD_MATCH = YES;
				"CODE_SIGN_IDENTITY[sdk=iphoneos*]" = "iPhone Developer";
				COPY_PHASE_STRIP = NO;
				DEBUG_INFORMATION_FORMAT = "dwarf-with-dsym";
				ENABLE_NS_ASSERTIONS = NO;
				ENABLE_STRICT_OBJC_MSGSEND = YES;
				GCC_C_LANGUAGE_STANDARD = gnu99;
				GCC_NO_COMMON_BLOCKS = YES;
				GCC_WARN_64_TO_32_BIT_CONVERSION = YES;
				GCC_WARN_ABOUT_RETURN_TYPE = YES_ERROR;
				GCC_WARN_UNDECLARED_SELECTOR = YES;
				GCC_WARN_UNINITIALIZED_AUTOS = YES_AGGRESSIVE;
				GCC_WARN_UNUSED_FUNCTION = YES;
				GCC_WARN_UNUSED_VARIABLE = YES;
				IPHONEOS_DEPLOYMENT_TARGET = 9.1;
				MTL_ENABLE_DEBUG_INFO = NO;
				SDKROOT = iphoneos;
				TARGETED_DEVICE_FAMILY = "1,2";
				VALIDATE_PRODUCT = YES;
			};
			name = Release;
		};
		C7C2CDEE1CCBB60E00854267 /* Debug */ = {
			isa = XCBuildConfiguration;
			buildSettings = {
				ASSETCATALOG_COMPILER_APPICON_NAME = AppIcon;
				INFOPLIST_FILE = SDWebImage_note/Info.plist;
				LD_RUNPATH_SEARCH_PATHS = "$(inherited) @executable_path/Frameworks";
				PRODUCT_BUNDLE_IDENTIFIER = "HG.SDWebImage-note";
				PRODUCT_NAME = "$(TARGET_NAME)";
			};
			name = Debug;
		};
		C7C2CDEF1CCBB60E00854267 /* Release */ = {
			isa = XCBuildConfiguration;
			buildSettings = {
				ASSETCATALOG_COMPILER_APPICON_NAME = AppIcon;
				INFOPLIST_FILE = SDWebImage_note/Info.plist;
				LD_RUNPATH_SEARCH_PATHS = "$(inherited) @executable_path/Frameworks";
				PRODUCT_BUNDLE_IDENTIFIER = "HG.SDWebImage-note";
				PRODUCT_NAME = "$(TARGET_NAME)";
			};
			name = Release;
		};
		C7C2CDF11CCBB60E00854267 /* Debug */ = {
			isa = XCBuildConfiguration;
			buildSettings = {
				BUNDLE_LOADER = "$(TEST_HOST)";
				INFOPLIST_FILE = SDWebImage_noteTests/Info.plist;
				LD_RUNPATH_SEARCH_PATHS = "$(inherited) @executable_path/Frameworks @loader_path/Frameworks";
				PRODUCT_BUNDLE_IDENTIFIER = "HG.SDWebImage-noteTests";
				PRODUCT_NAME = "$(TARGET_NAME)";
				TEST_HOST = "$(BUILT_PRODUCTS_DIR)/SDWebImage_note.app/SDWebImage_note";
			};
			name = Debug;
		};
		C7C2CDF21CCBB60E00854267 /* Release */ = {
			isa = XCBuildConfiguration;
			buildSettings = {
				BUNDLE_LOADER = "$(TEST_HOST)";
				INFOPLIST_FILE = SDWebImage_noteTests/Info.plist;
				LD_RUNPATH_SEARCH_PATHS = "$(inherited) @executable_path/Frameworks @loader_path/Frameworks";
				PRODUCT_BUNDLE_IDENTIFIER = "HG.SDWebImage-noteTests";
				PRODUCT_NAME = "$(TARGET_NAME)";
				TEST_HOST = "$(BUILT_PRODUCTS_DIR)/SDWebImage_note.app/SDWebImage_note";
			};
			name = Release;
		};
		C7C2CDF41CCBB60E00854267 /* Debug */ = {
			isa = XCBuildConfiguration;
			buildSettings = {
				INFOPLIST_FILE = SDWebImage_noteUITests/Info.plist;
				LD_RUNPATH_SEARCH_PATHS = "$(inherited) @executable_path/Frameworks @loader_path/Frameworks";
				PRODUCT_BUNDLE_IDENTIFIER = "HG.SDWebImage-noteUITests";
				PRODUCT_NAME = "$(TARGET_NAME)";
				TEST_TARGET_NAME = SDWebImage_note;
				USES_XCTRUNNER = YES;
			};
			name = Debug;
		};
		C7C2CDF51CCBB60E00854267 /* Release */ = {
			isa = XCBuildConfiguration;
			buildSettings = {
				INFOPLIST_FILE = SDWebImage_noteUITests/Info.plist;
				LD_RUNPATH_SEARCH_PATHS = "$(inherited) @executable_path/Frameworks @loader_path/Frameworks";
				PRODUCT_BUNDLE_IDENTIFIER = "HG.SDWebImage-noteUITests";
				PRODUCT_NAME = "$(TARGET_NAME)";
				TEST_TARGET_NAME = SDWebImage_note;
				USES_XCTRUNNER = YES;
			};
			name = Release;
		};
/* End XCBuildConfiguration section */

/* Begin XCConfigurationList section */
		C7C2CDBB1CCBB60E00854267 /* Build configuration list for PBXProject "SDWebImage_note" */ = {
			isa = XCConfigurationList;
			buildConfigurations = (
				C7C2CDEB1CCBB60E00854267 /* Debug */,
				C7C2CDEC1CCBB60E00854267 /* Release */,
			);
			defaultConfigurationIsVisible = 0;
			defaultConfigurationName = Release;
		};
		C7C2CDED1CCBB60E00854267 /* Build configuration list for PBXNativeTarget "SDWebImage_note" */ = {
			isa = XCConfigurationList;
			buildConfigurations = (
				C7C2CDEE1CCBB60E00854267 /* Debug */,
				C7C2CDEF1CCBB60E00854267 /* Release */,
			);
			defaultConfigurationIsVisible = 0;
		};
		C7C2CDF01CCBB60E00854267 /* Build configuration list for PBXNativeTarget "SDWebImage_noteTests" */ = {
			isa = XCConfigurationList;
			buildConfigurations = (
				C7C2CDF11CCBB60E00854267 /* Debug */,
				C7C2CDF21CCBB60E00854267 /* Release */,
			);
			defaultConfigurationIsVisible = 0;
		};
		C7C2CDF31CCBB60E00854267 /* Build configuration list for PBXNativeTarget "SDWebImage_noteUITests" */ = {
			isa = XCConfigurationList;
			buildConfigurations = (
				C7C2CDF41CCBB60E00854267 /* Debug */,
				C7C2CDF51CCBB60E00854267 /* Release */,
			);
			defaultConfigurationIsVisible = 0;
		};
/* End XCConfigurationList section */
	};
	rootObject = C7C2CDB81CCBB60E00854267 /* Project object */;
}
